{
  "pins" : [
    {
      "identity" : "hgcircularslider",
      "kind" : "remoteSourceControl",
      "location" : "https://github.com/HamzaGhazouani/HGCircularSlider",
      "state" : {
        "branch" : "master",
        "revision" : "2906c33e3101468a892f274c689ea0679f792037"
      }
    }
  ],
  "version" : 2
}
