// !$*UTF8*$!
{
	archiveVersion = 1;
	classes = {
	};
	objectVersion = 55;
	objects = {

/* Begin PBXBuildFile section */
		262DF69129A26C47008878C4 /* AppDelegate.swift in Sources */ = {isa = PBXBuildFile; fileRef = 262DF69029A26C47008878C4 /* AppDelegate.swift */; };
		262DF69329A26C47008878C4 /* SceneDelegate.swift in Sources */ = {isa = PBXBuildFile; fileRef = 262DF69229A26C47008878C4 /* SceneDelegate.swift */; };
		262DF69529A26C47008878C4 /* RadioViewController.swift in Sources */ = {isa = PBXBuildFile; fileRef = 262DF69429A26C47008878C4 /* RadioViewController.swift */; };
		262DF69829A26C47008878C4 /* Main.storyboard in Resources */ = {isa = PBXBuildFile; fileRef = 262DF69629A26C47008878C4 /* Main.storyboard */; };
		262DF69A29A26C48008878C4 /* Assets.xcassets in Resources */ = {isa = PBXBuildFile; fileRef = 262DF69929A26C48008878C4 /* Assets.xcassets */; };
		262DF69D29A26C48008878C4 /* LaunchScreen.storyboard in Resources */ = {isa = PBXBuildFile; fileRef = 262DF69B29A26C48008878C4 /* LaunchScreen.storyboard */; };
		269F114629A5F5A800FD9747 /* SearchLocation.swift in Sources */ = {isa = PBXBuildFile; fileRef = 269F114529A5F5A800FD9747 /* SearchLocation.swift */; };
		269F114829A6253300FD9747 /* LoadRadio.swift in Sources */ = {isa = PBXBuildFile; fileRef = 269F114729A6253300FD9747 /* LoadRadio.swift */; };
		269F114A29A6632900FD9747 /* RadioData.swift in Sources */ = {isa = PBXBuildFile; fileRef = 269F114929A6632800FD9747 /* RadioData.swift */; };
		26B606BB29A48B0900C59DB5 /* RadioResponse.swift in Sources */ = {isa = PBXBuildFile; fileRef = 26B606BA29A48B0900C59DB5 /* RadioResponse.swift */; };
		26B606C329A4D3B200C59DB5 /* RadioMockData.json in Resources */ = {isa = PBXBuildFile; fileRef = 26B606C229A4D3B200C59DB5 /* RadioMockData.json */; };
		26B6C8C829A76CFA00A8393C /* RadioVC+AnimeView.swift in Sources */ = {isa = PBXBuildFile; fileRef = 26B6C8C729A76CFA00A8393C /* RadioVC+AnimeView.swift */; };
		26B6C8D629A76D5300A8393C /* free3.m4a in Resources */ = {isa = PBXBuildFile; fileRef = 26B6C8CB29A76D5300A8393C /* free3.m4a */; };
		26B6C8D729A76D5300A8393C /* free2.m4a in Resources */ = {isa = PBXBuildFile; fileRef = 26B6C8CC29A76D5300A8393C /* free2.m4a */; };
		26B6C8D829A76D5300A8393C /* free1.m4a in Resources */ = {isa = PBXBuildFile; fileRef = 26B6C8CD29A76D5300A8393C /* free1.m4a */; };
		26B6C8D929A76D5300A8393C /* free5.m4a in Resources */ = {isa = PBXBuildFile; fileRef = 26B6C8CE29A76D5300A8393C /* free5.m4a */; };
		26B6C8DA29A76D5300A8393C /* free4.m4a in Resources */ = {isa = PBXBuildFile; fileRef = 26B6C8CF29A76D5300A8393C /* free4.m4a */; };
		26B6C8DB29A76D5300A8393C /* free6.m4a in Resources */ = {isa = PBXBuildFile; fileRef = 26B6C8D029A76D5300A8393C /* free6.m4a */; };
		26B6C8DC29A76D5300A8393C /* free7.m4a in Resources */ = {isa = PBXBuildFile; fileRef = 26B6C8D129A76D5300A8393C /* free7.m4a */; };
		26B6C8DD29A76D5300A8393C /* free9.m4a in Resources */ = {isa = PBXBuildFile; fileRef = 26B6C8D229A76D5300A8393C /* free9.m4a */; };
		26B6C8DE29A76D5300A8393C /* free8.m4a in Resources */ = {isa = PBXBuildFile; fileRef = 26B6C8D329A76D5300A8393C /* free8.m4a */; };
		26B6C8DF29A76D5300A8393C /* free11.m4a in Resources */ = {isa = PBXBuildFile; fileRef = 26B6C8D429A76D5300A8393C /* free11.m4a */; };
		26B6C8E029A76D5300A8393C /* free10.m4a in Resources */ = {isa = PBXBuildFile; fileRef = 26B6C8D529A76D5300A8393C /* free10.m4a */; };
		26B6C8E329A76D7C00A8393C /* HGCircularSlider in Frameworks */ = {isa = PBXBuildFile; productRef = 26B6C8E229A76D7C00A8393C /* HGCircularSlider */; };
/* End PBXBuildFile section */

/* Begin PBXFileReference section */
		262DF68D29A26C47008878C4 /* AnimWaveRadio-iOS.app */ = {isa = PBXFileReference; explicitFileType = wrapper.application; includeInIndex = 0; path = "AnimWaveRadio-iOS.app"; sourceTree = BUILT_PRODUCTS_DIR; };
		262DF69029A26C47008878C4 /* AppDelegate.swift */ = {isa = PBXFileReference; lastKnownFileType = sourcecode.swift; path = AppDelegate.swift; sourceTree = "<group>"; };
		262DF69229A26C47008878C4 /* SceneDelegate.swift */ = {isa = PBXFileReference; lastKnownFileType = sourcecode.swift; path = SceneDelegate.swift; sourceTree = "<group>"; };
		262DF69429A26C47008878C4 /* RadioViewController.swift */ = {isa = PBXFileReference; lastKnownFileType = sourcecode.swift; path = RadioViewController.swift; sourceTree = "<group>"; };
		262DF69729A26C47008878C4 /* Base */ = {isa = PBXFileReference; lastKnownFileType = file.storyboard; name = Base; path = Base.lproj/Main.storyboard; sourceTree = "<group>"; };
		262DF69929A26C48008878C4 /* Assets.xcassets */ = {isa = PBXFileReference; lastKnownFileType = folder.assetcatalog; path = Assets.xcassets; sourceTree = "<group>"; };
		262DF69C29A26C48008878C4 /* Base */ = {isa = PBXFileReference; lastKnownFileType = file.storyboard; name = Base; path = Base.lproj/LaunchScreen.storyboard; sourceTree = "<group>"; };
		262DF69E29A26C48008878C4 /* Info.plist */ = {isa = PBXFileReference; lastKnownFileType = text.plist.xml; path = Info.plist; sourceTree = "<group>"; };
		269F114529A5F5A800FD9747 /* SearchLocation.swift */ = {isa = PBXFileReference; lastKnownFileType = sourcecode.swift; path = SearchLocation.swift; sourceTree = "<group>"; };
		269F114729A6253300FD9747 /* LoadRadio.swift */ = {isa = PBXFileReference; lastKnownFileType = sourcecode.swift; path = LoadRadio.swift; sourceTree = "<group>"; };
		269F114929A6632800FD9747 /* RadioData.swift */ = {isa = PBXFileReference; lastKnownFileType = sourcecode.swift; path = RadioData.swift; sourceTree = "<group>"; };
		26B606BA29A48B0900C59DB5 /* RadioResponse.swift */ = {isa = PBXFileReference; lastKnownFileType = sourcecode.swift; path = RadioResponse.swift; sourceTree = "<group>"; };
		26B606C229A4D3B200C59DB5 /* RadioMockData.json */ = {isa = PBXFileReference; lastKnownFileType = text.json; path = RadioMockData.json; sourceTree = "<group>"; };
		26B6C8C729A76CFA00A8393C /* RadioVC+AnimeView.swift */ = {isa = PBXFileReference; fileEncoding = 4; lastKnownFileType = sourcecode.swift; path = "RadioVC+AnimeView.swift"; sourceTree = "<group>"; };
		26B6C8CB29A76D5300A8393C /* free3.m4a */ = {isa = PBXFileReference; lastKnownFileType = file; path = free3.m4a; sourceTree = "<group>"; };
		26B6C8CC29A76D5300A8393C /* free2.m4a */ = {isa = PBXFileReference; lastKnownFileType = file; path = free2.m4a; sourceTree = "<group>"; };
		26B6C8CD29A76D5300A8393C /* free1.m4a */ = {isa = PBXFileReference; lastKnownFileType = file; path = free1.m4a; sourceTree = "<group>"; };
		26B6C8CE29A76D5300A8393C /* free5.m4a */ = {isa = PBXFileReference; lastKnownFileType = file; path = free5.m4a; sourceTree = "<group>"; };
		26B6C8CF29A76D5300A8393C /* free4.m4a */ = {isa = PBXFileReference; lastKnownFileType = file; path = free4.m4a; sourceTree = "<group>"; };
		26B6C8D029A76D5300A8393C /* free6.m4a */ = {isa = PBXFileReference; lastKnownFileType = file; path = free6.m4a; sourceTree = "<group>"; };
		26B6C8D129A76D5300A8393C /* free7.m4a */ = {isa = PBXFileReference; lastKnownFileType = file; path = free7.m4a; sourceTree = "<group>"; };
		26B6C8D229A76D5300A8393C /* free9.m4a */ = {isa = PBXFileReference; lastKnownFileType = file; path = free9.m4a; sourceTree = "<group>"; };
		26B6C8D329A76D5300A8393C /* free8.m4a */ = {isa = PBXFileReference; lastKnownFileType = file; path = free8.m4a; sourceTree = "<group>"; };
		26B6C8D429A76D5300A8393C /* free11.m4a */ = {isa = PBXFileReference; lastKnownFileType = file; path = free11.m4a; sourceTree = "<group>"; };
		26B6C8D529A76D5300A8393C /* free10.m4a */ = {isa = PBXFileReference; lastKnownFileType = file; path = free10.m4a; sourceTree = "<group>"; };
/* End PBXFileReference section */

/* Begin PBXFrameworksBuildPhase section */
		262DF68A29A26C47008878C4 /* Frameworks */ = {
			isa = PBXFrameworksBuildPhase;
			buildActionMask = 2147483647;
			files = (
				26B6C8E329A76D7C00A8393C /* HGCircularSlider in Frameworks */,
			);
			runOnlyForDeploymentPostprocessing = 0;
		};
/* End PBXFrameworksBuildPhase section */

/* Begin PBXGroup section */
		261269E929A466DA003C303E /* Model */ = {
			isa = PBXGroup;
			children = (
				26B606BA29A48B0900C59DB5 /* RadioResponse.swift */,
				269F114929A6632800FD9747 /* RadioData.swift */,
			);
			path = Model;
			sourceTree = "<group>";
		};
		262DF68429A26C47008878C4 = {
			isa = PBXGroup;
			children = (
				262DF68F29A26C47008878C4 /* AnimWaveRadio-iOS */,
				262DF68E29A26C47008878C4 /* Products */,
			);
			sourceTree = "<group>";
		};
		262DF68E29A26C47008878C4 /* Products */ = {
			isa = PBXGroup;
			children = (
				262DF68D29A26C47008878C4 /* AnimWaveRadio-iOS.app */,
			);
			name = Products;
			sourceTree = "<group>";
		};
		262DF68F29A26C47008878C4 /* AnimWaveRadio-iOS */ = {
			isa = PBXGroup;
			children = (
				26B6C8CA29A76D5300A8393C /* MusicSampleLists */,
				26B6C8C929A76D3E00A8393C /* Data */,
				269C109929A5F2D500DAEEC7 /* API */,
				26B606BC29A48D4600C59DB5 /* Extension */,
				261269E929A466DA003C303E /* Model */,
				262DF6A729A32E73008878C4 /* View */,
				262DF6A629A32E6B008878C4 /* ViewController */,
				262DF6A429A32E4E008878C4 /* Supporting Files */,
				262DF69E29A26C48008878C4 /* Info.plist */,
			);
			path = "AnimWaveRadio-iOS";
			sourceTree = "<group>";
		};
		262DF6A429A32E4E008878C4 /* Supporting Files */ = {
			isa = PBXGroup;
			children = (
				262DF69029A26C47008878C4 /* AppDelegate.swift */,
				262DF69229A26C47008878C4 /* SceneDelegate.swift */,
				262DF69929A26C48008878C4 /* Assets.xcassets */,
			);
			path = "Supporting Files";
			sourceTree = "<group>";
		};
		262DF6A629A32E6B008878C4 /* ViewController */ = {
			isa = PBXGroup;
			children = (
				262DF69429A26C47008878C4 /* RadioViewController.swift */,
			);
			path = ViewController;
			sourceTree = "<group>";
		};
		262DF6A729A32E73008878C4 /* View */ = {
			isa = PBXGroup;
			children = (
				262DF69629A26C47008878C4 /* Main.storyboard */,
				262DF69B29A26C48008878C4 /* LaunchScreen.storyboard */,
			);
			path = View;
			sourceTree = "<group>";
		};
		269C109929A5F2D500DAEEC7 /* API */ = {
			isa = PBXGroup;
			children = (
				269F114529A5F5A800FD9747 /* SearchLocation.swift */,
				269F114729A6253300FD9747 /* LoadRadio.swift */,
			);
			path = API;
			sourceTree = "<group>";
		};
		26B606BC29A48D4600C59DB5 /* Extension */ = {
			isa = PBXGroup;
			children = (
				26B6C8C729A76CFA00A8393C /* RadioVC+AnimeView.swift */,
			);
			path = Extension;
			sourceTree = "<group>";
		};
		26B6C8C929A76D3E00A8393C /* Data */ = {
			isa = PBXGroup;
			children = (
				26B606C229A4D3B200C59DB5 /* RadioMockData.json */,
			);
			path = Data;
			sourceTree = "<group>";
		};
		26B6C8CA29A76D5300A8393C /* MusicSampleLists */ = {
			isa = PBXGroup;
			children = (
				26B6C8CB29A76D5300A8393C /* free3.m4a */,
				26B6C8CC29A76D5300A8393C /* free2.m4a */,
				26B6C8CD29A76D5300A8393C /* free1.m4a */,
				26B6C8CE29A76D5300A8393C /* free5.m4a */,
				26B6C8CF29A76D5300A8393C /* free4.m4a */,
				26B6C8D029A76D5300A8393C /* free6.m4a */,
				26B6C8D129A76D5300A8393C /* free7.m4a */,
				26B6C8D229A76D5300A8393C /* free9.m4a */,
				26B6C8D329A76D5300A8393C /* free8.m4a */,
				26B6C8D429A76D5300A8393C /* free11.m4a */,
				26B6C8D529A76D5300A8393C /* free10.m4a */,
			);
			path = MusicSampleLists;
			sourceTree = "<group>";
		};
/* End PBXGroup section */

/* Begin PBXNativeTarget section */
		262DF68C29A26C47008878C4 /* AnimWaveRadio-iOS */ = {
			isa = PBXNativeTarget;
			buildConfigurationList = 262DF6A129A26C48008878C4 /* Build configuration list for PBXNativeTarget "AnimWaveRadio-iOS" */;
			buildPhases = (
				262DF68929A26C47008878C4 /* Sources */,
				262DF68A29A26C47008878C4 /* Frameworks */,
				262DF68B29A26C47008878C4 /* Resources */,
			);
			buildRules = (
			);
			dependencies = (
			);
			name = "AnimWaveRadio-iOS";
			packageProductDependencies = (
				26B6C8E229A76D7C00A8393C /* HGCircularSlider */,
			);
			productName = "AnimWaveRadio-iOS";
			productReference = 262DF68D29A26C47008878C4 /* AnimWaveRadio-iOS.app */;
			productType = "com.apple.product-type.application";
		};
/* End PBXNativeTarget section */

/* Begin PBXProject section */
		262DF68529A26C47008878C4 /* Project object */ = {
			isa = PBXProject;
			attributes = {
				BuildIndependentTargetsInParallel = 1;
				LastSwiftUpdateCheck = 1340;
				LastUpgradeCheck = 1340;
				TargetAttributes = {
					262DF68C29A26C47008878C4 = {
						CreatedOnToolsVersion = 13.4.1;
					};
				};
			};
			buildConfigurationList = 262DF68829A26C47008878C4 /* Build configuration list for PBXProject "AnimWaveRadio-iOS" */;
			compatibilityVersion = "Xcode 13.0";
			developmentRegion = en;
			hasScannedForEncodings = 0;
			knownRegions = (
				en,
				Base,
			);
			mainGroup = 262DF68429A26C47008878C4;
			packageReferences = (
				26B6C8E129A76D7C00A8393C /* XCRemoteSwiftPackageReference "HGCircularSlider" */,
			);
			productRefGroup = 262DF68E29A26C47008878C4 /* Products */;
			projectDirPath = "";
			projectRoot = "";
			targets = (
				262DF68C29A26C47008878C4 /* AnimWaveRadio-iOS */,
			);
		};
/* End PBXProject section */

/* Begin PBXResourcesBuildPhase section */
		262DF68B29A26C47008878C4 /* Resources */ = {
			isa = PBXResourcesBuildPhase;
			buildActionMask = 2147483647;
			files = (
				26B6C8D929A76D5300A8393C /* free5.m4a in Resources */,
				262DF69D29A26C48008878C4 /* LaunchScreen.storyboard in Resources */,
				26B6C8DE29A76D5300A8393C /* free8.m4a in Resources */,
				26B6C8D629A76D5300A8393C /* free3.m4a in Resources */,
				262DF69A29A26C48008878C4 /* Assets.xcassets in Resources */,
				26B6C8E029A76D5300A8393C /* free10.m4a in Resources */,
				262DF69829A26C47008878C4 /* Main.storyboard in Resources */,
				26B6C8DB29A76D5300A8393C /* free6.m4a in Resources */,
				26B6C8DA29A76D5300A8393C /* free4.m4a in Resources */,
				26B6C8DC29A76D5300A8393C /* free7.m4a in Resources */,
				26B6C8DD29A76D5300A8393C /* free9.m4a in Resources */,
				26B6C8D829A76D5300A8393C /* free1.m4a in Resources */,
				26B606C329A4D3B200C59DB5 /* RadioMockData.json in Resources */,
				26B6C8DF29A76D5300A8393C /* free11.m4a in Resources */,
				26B6C8D729A76D5300A8393C /* free2.m4a in Resources */,
			);
			runOnlyForDeploymentPostprocessing = 0;
		};
/* End PBXResourcesBuildPhase section */

/* Begin PBXSourcesBuildPhase section */
		262DF68929A26C47008878C4 /* Sources */ = {
			isa = PBXSourcesBuildPhase;
			buildActionMask = 2147483647;
			files = (
				262DF69529A26C47008878C4 /* RadioViewController.swift in Sources */,
				262DF69129A26C47008878C4 /* AppDelegate.swift in Sources */,
				26B6C8C829A76CFA00A8393C /* RadioVC+AnimeView.swift in Sources */,
				269F114A29A6632900FD9747 /* RadioData.swift in Sources */,
				269F114629A5F5A800FD9747 /* SearchLocation.swift in Sources */,
				262DF69329A26C47008878C4 /* SceneDelegate.swift in Sources */,
				26B606BB29A48B0900C59DB5 /* RadioResponse.swift in Sources */,
				269F114829A6253300FD9747 /* LoadRadio.swift in Sources */,
			);
			runOnlyForDeploymentPostprocessing = 0;
		};
/* End PBXSourcesBuildPhase section */

/* Begin PBXVariantGroup section */
		262DF69629A26C47008878C4 /* Main.storyboard */ = {
			isa = PBXVariantGroup;
			children = (
				262DF69729A26C47008878C4 /* Base */,
			);
			name = Main.storyboard;
			sourceTree = "<group>";
		};
		262DF69B29A26C48008878C4 /* LaunchScreen.storyboard */ = {
			isa = PBXVariantGroup;
			children = (
				262DF69C29A26C48008878C4 /* Base */,
			);
			name = LaunchScreen.storyboard;
			sourceTree = "<group>";
		};
/* End PBXVariantGroup section */

/* Begin XCBuildConfiguration section */
		262DF69F29A26C48008878C4 /* Debug */ = {
			isa = XCBuildConfiguration;
			buildSettings = {
				ALWAYS_SEARCH_USER_PATHS = NO;
				CLANG_ANALYZER_NONNULL = YES;
				CLANG_ANALYZER_NUMBER_OBJECT_CONVERSION = YES_AGGRESSIVE;
				CLANG_CXX_LANGUAGE_STANDARD = "gnu++17";
				CLANG_ENABLE_MODULES = YES;
				CLANG_ENABLE_OBJC_ARC = YES;
				CLANG_ENABLE_OBJC_WEAK = YES;
				CLANG_WARN_BLOCK_CAPTURE_AUTORELEASING = YES;
				CLANG_WARN_BOOL_CONVERSION = YES;
				CLANG_WARN_COMMA = YES;
				CLANG_WARN_CONSTANT_CONVERSION = YES;
				CLANG_WARN_DEPRECATED_OBJC_IMPLEMENTATIONS = YES;
				CLANG_WARN_DIRECT_OBJC_ISA_USAGE = YES_ERROR;
				CLANG_WARN_DOCUMENTATION_COMMENTS = YES;
				CLANG_WARN_EMPTY_BODY = YES;
				CLANG_WARN_ENUM_CONVERSION = YES;
				CLANG_WARN_INFINITE_RECURSION = YES;
				CLANG_WARN_INT_CONVERSION = YES;
				CLANG_WARN_NON_LITERAL_NULL_CONVERSION = YES;
				CLANG_WARN_OBJC_IMPLICIT_RETAIN_SELF = YES;
				CLANG_WARN_OBJC_LITERAL_CONVERSION = YES;
				CLANG_WARN_OBJC_ROOT_CLASS = YES_ERROR;
				CLANG_WARN_QUOTED_INCLUDE_IN_FRAMEWORK_HEADER = YES;
				CLANG_WARN_RANGE_LOOP_ANALYSIS = YES;
				CLANG_WARN_STRICT_PROTOTYPES = YES;
				CLANG_WARN_SUSPICIOUS_MOVE = YES;
				CLANG_WARN_UNGUARDED_AVAILABILITY = YES_AGGRESSIVE;
				CLANG_WARN_UNREACHABLE_CODE = YES;
				CLANG_WARN__DUPLICATE_METHOD_MATCH = YES;
				COPY_PHASE_STRIP = NO;
				DEBUG_INFORMATION_FORMAT = dwarf;
				ENABLE_STRICT_OBJC_MSGSEND = YES;
				ENABLE_TESTABILITY = YES;
				GCC_C_LANGUAGE_STANDARD = gnu11;
				GCC_DYNAMIC_NO_PIC = NO;
				GCC_NO_COMMON_BLOCKS = YES;
				GCC_OPTIMIZATION_LEVEL = 0;
				GCC_PREPROCESSOR_DEFINITIONS = (
					"DEBUG=1",
					"$(inherited)",
				);
				GCC_WARN_64_TO_32_BIT_CONVERSION = YES;
				GCC_WARN_ABOUT_RETURN_TYPE = YES_ERROR;
				GCC_WARN_UNDECLARED_SELECTOR = YES;
				GCC_WARN_UNINITIALIZED_AUTOS = YES_AGGRESSIVE;
				GCC_WARN_UNUSED_FUNCTION = YES;
				GCC_WARN_UNUSED_VARIABLE = YES;
				IPHONEOS_DEPLOYMENT_TARGET = 15.5;
				MTL_ENABLE_DEBUG_INFO = INCLUDE_SOURCE;
				MTL_FAST_MATH = YES;
				ONLY_ACTIVE_ARCH = YES;
				SDKROOT = iphoneos;
				SWIFT_ACTIVE_COMPILATION_CONDITIONS = DEBUG;
				SWIFT_OPTIMIZATION_LEVEL = "-Onone";
			};
			name = Debug;
		};
		262DF6A029A26C48008878C4 /* Release */ = {
			isa = XCBuildConfiguration;
			buildSettings = {
				ALWAYS_SEARCH_USER_PATHS = NO;
				CLANG_ANALYZER_NONNULL = YES;
				CLANG_ANALYZER_NUMBER_OBJECT_CONVERSION = YES_AGGRESSIVE;
				CLANG_CXX_LANGUAGE_STANDARD = "gnu++17";
				CLANG_ENABLE_MODULES = YES;
				CLANG_ENABLE_OBJC_ARC = YES;
				CLANG_ENABLE_OBJC_WEAK = YES;
				CLANG_WARN_BLOCK_CAPTURE_AUTORELEASING = YES;
				CLANG_WARN_BOOL_CONVERSION = YES;
				CLANG_WARN_COMMA = YES;
				CLANG_WARN_CONSTANT_CONVERSION = YES;
				CLANG_WARN_DEPRECATED_OBJC_IMPLEMENTATIONS = YES;
				CLANG_WARN_DIRECT_OBJC_ISA_USAGE = YES_ERROR;
				CLANG_WARN_DOCUMENTATION_COMMENTS = YES;
				CLANG_WARN_EMPTY_BODY = YES;
				CLANG_WARN_ENUM_CONVERSION = YES;
				CLANG_WARN_INFINITE_RECURSION = YES;
				CLANG_WARN_INT_CONVERSION = YES;
				CLANG_WARN_NON_LITERAL_NULL_CONVERSION = YES;
				CLANG_WARN_OBJC_IMPLICIT_RETAIN_SELF = YES;
				CLANG_WARN_OBJC_LITERAL_CONVERSION = YES;
				CLANG_WARN_OBJC_ROOT_CLASS = YES_ERROR;
				CLANG_WARN_QUOTED_INCLUDE_IN_FRAMEWORK_HEADER = YES;
				CLANG_WARN_RANGE_LOOP_ANALYSIS = YES;
				CLANG_WARN_STRICT_PROTOTYPES = YES;
				CLANG_WARN_SUSPICIOUS_MOVE = YES;
				CLANG_WARN_UNGUARDED_AVAILABILITY = YES_AGGRESSIVE;
				CLANG_WARN_UNREACHABLE_CODE = YES;
				CLANG_WARN__DUPLICATE_METHOD_MATCH = YES;
				COPY_PHASE_STRIP = NO;
				DEBUG_INFORMATION_FORMAT = "dwarf-with-dsym";
				ENABLE_NS_ASSERTIONS = NO;
				ENABLE_STRICT_OBJC_MSGSEND = YES;
				GCC_C_LANGUAGE_STANDARD = gnu11;
				GCC_NO_COMMON_BLOCKS = YES;
				GCC_WARN_64_TO_32_BIT_CONVERSION = YES;
				GCC_WARN_ABOUT_RETURN_TYPE = YES_ERROR;
				GCC_WARN_UNDECLARED_SELECTOR = YES;
				GCC_WARN_UNINITIALIZED_AUTOS = YES_AGGRESSIVE;
				GCC_WARN_UNUSED_FUNCTION = YES;
				GCC_WARN_UNUSED_VARIABLE = YES;
				IPHONEOS_DEPLOYMENT_TARGET = 15.5;
				MTL_ENABLE_DEBUG_INFO = NO;
				MTL_FAST_MATH = YES;
				SDKROOT = iphoneos;
				SWIFT_COMPILATION_MODE = wholemodule;
				SWIFT_OPTIMIZATION_LEVEL = "-O";
				VALIDATE_PRODUCT = YES;
			};
			name = Release;
		};
		262DF6A229A26C48008878C4 /* Debug */ = {
			isa = XCBuildConfiguration;
			buildSettings = {
				ASSETCATALOG_COMPILER_APPICON_NAME = AppIcon;
				ASSETCATALOG_COMPILER_GLOBAL_ACCENT_COLOR_NAME = AccentColor;
				CODE_SIGN_STYLE = Automatic;
				CURRENT_PROJECT_VERSION = 1;
				DEVELOPMENT_TEAM = 9Y8JZ9AQG6;
				GENERATE_INFOPLIST_FILE = YES;
				INFOPLIST_FILE = "AnimWaveRadio-iOS/Info.plist";
				INFOPLIST_KEY_UIApplicationSupportsIndirectInputEvents = YES;
				INFOPLIST_KEY_UILaunchStoryboardName = LaunchScreen;
				INFOPLIST_KEY_UIMainStoryboardFile = Main;
				INFOPLIST_KEY_UISupportedInterfaceOrientations_iPad = "UIInterfaceOrientationPortrait UIInterfaceOrientationPortraitUpsideDown UIInterfaceOrientationLandscapeLeft UIInterfaceOrientationLandscapeRight";
				INFOPLIST_KEY_UISupportedInterfaceOrientations_iPhone = "UIInterfaceOrientationPortrait UIInterfaceOrientationLandscapeLeft UIInterfaceOrientationLandscapeRight";
				LD_RUNPATH_SEARCH_PATHS = (
					"$(inherited)",
					"@executable_path/Frameworks",
				);
				MARKETING_VERSION = 1.0;
				PRODUCT_BUNDLE_IDENTIFIER = "bkk99091.AnimWaveRadio-iOS";
				PRODUCT_NAME = "$(TARGET_NAME)";
				SWIFT_EMIT_LOC_STRINGS = YES;
				SWIFT_VERSION = 5.0;
				TARGETED_DEVICE_FAMILY = "1,2";
			};
			name = Debug;
		};
		262DF6A329A26C48008878C4 /* Release */ = {
			isa = XCBuildConfiguration;
			buildSettings = {
				ASSETCATALOG_COMPILER_APPICON_NAME = AppIcon;
				ASSETCATALOG_COMPILER_GLOBAL_ACCENT_COLOR_NAME = AccentColor;
				CODE_SIGN_STYLE = Automatic;
				CURRENT_PROJECT_VERSION = 1;
				DEVELOPMENT_TEAM = 9Y8JZ9AQG6;
				GENERATE_INFOPLIST_FILE = YES;
				INFOPLIST_FILE = "AnimWaveRadio-iOS/Info.plist";
				INFOPLIST_KEY_UIApplicationSupportsIndirectInputEvents = YES;
				INFOPLIST_KEY_UILaunchStoryboardName = LaunchScreen;
				INFOPLIST_KEY_UIMainStoryboardFile = Main;
				INFOPLIST_KEY_UISupportedInterfaceOrientations_iPad = "UIInterfaceOrientationPortrait UIInterfaceOrientationPortraitUpsideDown UIInterfaceOrientationLandscapeLeft UIInterfaceOrientationLandscapeRight";
				INFOPLIST_KEY_UISupportedInterfaceOrientations_iPhone = "UIInterfaceOrientationPortrait UIInterfaceOrientationLandscapeLeft UIInterfaceOrientationLandscapeRight";
				LD_RUNPATH_SEARCH_PATHS = (
					"$(inherited)",
					"@executable_path/Frameworks",
				);
				MARKETING_VERSION = 1.0;
				PRODUCT_BUNDLE_IDENTIFIER = "bkk99091.AnimWaveRadio-iOS";
				PRODUCT_NAME = "$(TARGET_NAME)";
				SWIFT_EMIT_LOC_STRINGS = YES;
				SWIFT_VERSION = 5.0;
				TARGETED_DEVICE_FAMILY = "1,2";
			};
			name = Release;
		};
/* End XCBuildConfiguration section */

/* Begin XCConfigurationList section */
		262DF68829A26C47008878C4 /* Build configuration list for PBXProject "AnimWaveRadio-iOS" */ = {
			isa = XCConfigurationList;
			buildConfigurations = (
				262DF69F29A26C48008878C4 /* Debug */,
				262DF6A029A26C48008878C4 /* Release */,
			);
			defaultConfigurationIsVisible = 0;
			defaultConfigurationName = Release;
		};
		262DF6A129A26C48008878C4 /* Build configuration list for PBXNativeTarget "AnimWaveRadio-iOS" */ = {
			isa = XCConfigurationList;
			buildConfigurations = (
				262DF6A229A26C48008878C4 /* Debug */,
				262DF6A329A26C48008878C4 /* Release */,
			);
			defaultConfigurationIsVisible = 0;
			defaultConfigurationName = Release;
		};
/* End XCConfigurationList section */

/* Begin XCRemoteSwiftPackageReference section */
		26B6C8E129A76D7C00A8393C /* XCRemoteSwiftPackageReference "HGCircularSlider" */ = {
			isa = XCRemoteSwiftPackageReference;
			repositoryURL = "https://github.com/HamzaGhazouani/HGCircularSlider";
			requirement = {
				branch = master;
				kind = branch;
			};
		};
/* End XCRemoteSwiftPackageReference section */

/* Begin XCSwiftPackageProductDependency section */
		26B6C8E229A76D7C00A8393C /* HGCircularSlider */ = {
			isa = XCSwiftPackageProductDependency;
			package = 26B6C8E129A76D7C00A8393C /* XCRemoteSwiftPackageReference "HGCircularSlider" */;
			productName = HGCircularSlider;
		};
/* End XCSwiftPackageProductDependency section */
	};
	rootObject = 262DF68529A26C47008878C4 /* Project object */;
}
